
Microsoft Visual Studio Solution File, Format Version 12.00
# Visual Studio Version 17
VisualStudioVersion = 17.9.34714.143
MinimumVisualStudioVersion = 10.0.40219.1
Project("{FAE04EC0-301F-11D3-BF4B-00C04F79EFBC}") = "FlashQuizz", "FlashQuizz.csproj", "{0C647AD1-E898-4295-AC04-FF35807CA7A1}"
EndProject
Global
	GlobalSection(SolutionConfigurationPlatforms) = preSolution
		Debug|Any CPU = Debug|Any CPU
		Release|Any CPU = Release|Any CPU
	EndGlobalSection
	GlobalSection(ProjectConfigurationPlatforms) = postSolution
		{0C647AD1-E898-4295-AC04-FF35807CA7A1}.Debug|Any CPU.ActiveCfg = Debug|Any CPU
		{0C647AD1-E898-4295-AC04-FF35807CA7A1}.Debug|Any CPU.Build.0 = Debug|Any CPU
		{0C647AD1-E898-4295-AC04-FF35807CA7A1}.Debug|Any CPU.Deploy.0 = Debug|Any CPU
		{0C647AD1-E898-4295-AC04-FF35807CA7A1}.Release|Any CPU.ActiveCfg = Release|Any CPU
		{0C647AD1-E898-4295-AC04-FF35807CA7A1}.Release|Any CPU.Build.0 = Release|Any CPU
		{0C647AD1-E898-4295-AC04-FF35807CA7A1}.Release|Any CPU.Deploy.0 = Release|Any CPU
	EndGlobalSection
	GlobalSection(SolutionProperties) = preSolution
		HideSolutionNode = FALSE
	EndGlobalSection
	GlobalSection(ExtensibilityGlobals) = postSolution
		SolutionGuid = {C51D00FE-720E-417D-9BB7-7AE2253820EE}
	EndGlobalSection
EndGlobal
